Microsoft Visual Studio Solution File, Format Version 12.00
# Visual Studio Version 17
VisualStudioVersion = 17.5.2.0
MinimumVisualStudioVersion = 10.0.40219.1
Project("{FAE04EC0-301F-11D3-BF4B-00C04F79EFBC}") = "Switch3", "Switch3.csproj", "{81E7AC3D-5744-7804-1BA8-20FF3ABE32D0}"
EndProject
Global
	GlobalSection(SolutionConfigurationPlatforms) = preSolution
		Debug|Any CPU = Debug|Any CPU
		Release|Any CPU = Release|Any CPU
	EndGlobalSection
	GlobalSection(ProjectConfigurationPlatforms) = postSolution
		{81E7AC3D-5744-7804-1BA8-20FF3ABE32D0}.Debug|Any CPU.ActiveCfg = Debug|Any CPU
		{81E7AC3D-5744-7804-1BA8-20FF3ABE32D0}.Debug|Any CPU.Build.0 = Debug|Any CPU
		{81E7AC3D-5744-7804-1BA8-20FF3ABE32D0}.Release|Any CPU.ActiveCfg = Release|Any CPU
		{81E7AC3D-5744-7804-1BA8-20FF3ABE32D0}.Release|Any CPU.Build.0 = Release|Any CPU
	EndGlobalSection
	GlobalSection(SolutionProperties) = preSolution
		HideSolutionNode = FALSE
	EndGlobalSection
	GlobalSection(ExtensibilityGlobals) = postSolution
		SolutionGuid = {8C473117-87AF-4917-9642-06E04DBF7FF1}
	EndGlobalSection
EndGlobal
