Microsoft Visual Studio Solution File, Format Version 12.00
# Visual Studio Version 17
VisualStudioVersion = 17.5.2.0
MinimumVisualStudioVersion = 10.0.40219.1
Project("{FAE04EC0-301F-11D3-BF4B-00C04F79EFBC}") = "RestaVector", "RestaVector.csproj", "{6823F0D6-217C-37D9-6348-B79280108CC8}"
EndProject
Global
	GlobalSection(SolutionConfigurationPlatforms) = preSolution
		Debug|Any CPU = Debug|Any CPU
		Release|Any CPU = Release|Any CPU
	EndGlobalSection
	GlobalSection(ProjectConfigurationPlatforms) = postSolution
		{6823F0D6-217C-37D9-6348-B79280108CC8}.Debug|Any CPU.ActiveCfg = Debug|Any CPU
		{6823F0D6-217C-37D9-6348-B79280108CC8}.Debug|Any CPU.Build.0 = Debug|Any CPU
		{6823F0D6-217C-37D9-6348-B79280108CC8}.Release|Any CPU.ActiveCfg = Release|Any CPU
		{6823F0D6-217C-37D9-6348-B79280108CC8}.Release|Any CPU.Build.0 = Release|Any CPU
	EndGlobalSection
	GlobalSection(SolutionProperties) = preSolution
		HideSolutionNode = FALSE
	EndGlobalSection
	GlobalSection(ExtensibilityGlobals) = postSolution
		SolutionGuid = {113042E0-1A10-439B-A3C9-AA02C9E8B3F1}
	EndGlobalSection
EndGlobal
