Microsoft Visual Studio Solution File, Format Version 12.00
# Visual Studio Version 17
VisualStudioVersion = 17.5.2.0
MinimumVisualStudioVersion = 10.0.40219.1
Project("{FAE04EC0-301F-11D3-BF4B-00C04F79EFBC}") = "switch4", "switch4.csproj", "{0A17082F-A81F-F970-49AA-83FB9A61463D}"
EndProject
Global
	GlobalSection(SolutionConfigurationPlatforms) = preSolution
		Debug|Any CPU = Debug|Any CPU
		Release|Any CPU = Release|Any CPU
	EndGlobalSection
	GlobalSection(ProjectConfigurationPlatforms) = postSolution
		{0A17082F-A81F-F970-49AA-83FB9A61463D}.Debug|Any CPU.ActiveCfg = Debug|Any CPU
		{0A17082F-A81F-F970-49AA-83FB9A61463D}.Debug|Any CPU.Build.0 = Debug|Any CPU
		{0A17082F-A81F-F970-49AA-83FB9A61463D}.Release|Any CPU.ActiveCfg = Release|Any CPU
		{0A17082F-A81F-F970-49AA-83FB9A61463D}.Release|Any CPU.Build.0 = Release|Any CPU
	EndGlobalSection
	GlobalSection(SolutionProperties) = preSolution
		HideSolutionNode = FALSE
	EndGlobalSection
	GlobalSection(ExtensibilityGlobals) = postSolution
		SolutionGuid = {885253B7-9A25-468F-B4A3-0EA7B52947F3}
	EndGlobalSection
EndGlobal
