Microsoft Visual Studio Solution File, Format Version 12.00
# Visual Studio Version 17
VisualStudioVersion = 17.5.2.0
MinimumVisualStudioVersion = 10.0.40219.1
Project("{FAE04EC0-301F-11D3-BF4B-00C04F79EFBC}") = "MagnitudVector", "MagnitudVector.csproj", "{B4A62207-5B97-7835-D49A-17D9108AD169}"
EndProject
Global
	GlobalSection(SolutionConfigurationPlatforms) = preSolution
		Debug|Any CPU = Debug|Any CPU
		Release|Any CPU = Release|Any CPU
	EndGlobalSection
	GlobalSection(ProjectConfigurationPlatforms) = postSolution
		{B4A62207-5B97-7835-D49A-17D9108AD169}.Debug|Any CPU.ActiveCfg = Debug|Any CPU
		{B4A62207-5B97-7835-D49A-17D9108AD169}.Debug|Any CPU.Build.0 = Debug|Any CPU
		{B4A62207-5B97-7835-D49A-17D9108AD169}.Release|Any CPU.ActiveCfg = Release|Any CPU
		{B4A62207-5B97-7835-D49A-17D9108AD169}.Release|Any CPU.Build.0 = Release|Any CPU
	EndGlobalSection
	GlobalSection(SolutionProperties) = preSolution
		HideSolutionNode = FALSE
	EndGlobalSection
	GlobalSection(ExtensibilityGlobals) = postSolution
		SolutionGuid = {8B525EC1-71E9-40B9-8756-41EDA6B7CE77}
	EndGlobalSection
EndGlobal
